{
  "name": "object",
  "version": "1.0.0",
  "lockfileVersion": 1,
  "requires": true,
  "dependencies": {
    "object-assign": {
      "version": "4.1.1",
      "resolved": "https://registry.npmjs.org/object-assign/-/object-assign-4.1.1.tgz",
      "integrity": "sha1-IQmtx5ZYh8/AXLvUQsrIv7s2CGM=",
      "optional": true
    },
    "serialijse": {
      "version": "0.1.3",
      "resolved": "https://registry.npmjs.org/serialijse/-/serialijse-0.1.3.tgz",
      "integrity": "sha512-Ra9NpfBmQqfefQjte6fjk3KXOvkK8oiCfRhui9wIehkAwAu+sVYymQzwJ1xkSpWjqey4a3pcCa/ugB3vMWoEmw==",
      "requires": {
        "object-assign": "4.1.1",
        "zlib": "1.0.5"
      }
    },
    "serialize-javascript": {
      "version": "2.1.1",
      "resolved": "https://registry.npmjs.org/serialize-javascript/-/serialize-javascript-2.1.1.tgz",
      "integrity": "sha512-MPLPRpD4FNqWq9tTIjYG5LesFouDhdyH0EPY3gVK4DRD5+g4aDqdNSzLIwceulo3Yj+PL1bPh6laE5+H6LTcrQ=="
    },
    "zlib": {
      "version": "1.0.5",
      "resolved": "https://registry.npmjs.org/zlib/-/zlib-1.0.5.tgz",
      "integrity": "sha1-bnyXL8NxxkWmr7A6sUdp3vEU/MA=",
      "optional": true
    }
  }
}
