{
  "name": "aspectjs",
  "version": "1.0.0",
  "lockfileVersion": 1,
  "requires": true,
  "dependencies": {
    "@types/node": {
      "version": "9.4.6",
      "resolved": "https://registry.npmjs.org/@types/node/-/node-9.4.6.tgz",
      "integrity": "sha512-CTUtLb6WqCCgp6P59QintjHWqzf4VL1uPA27bipLAPxFqrtK1gEYllePzTICGqQ8rYsCbpnsNypXjjDzGAAjEQ=="
    },
    "aspect.js": {
      "version": "0.7.2",
      "resolved": "https://registry.npmjs.org/aspect.js/-/aspect.js-0.7.2.tgz",
      "integrity": "sha512-w5C41QCU2KP8VMEiuie6SMqALoCyjcOEPL6ynGXRDrQHjHbjfkCOsTqg/851kNQRCcqC+i5B5/kminSVdWG1Fg=="
    }
  }
}
