{
  "name": "try-signal",
  "version": "1.0.0",
  "lockfileVersion": 1,
  "requires": true,
  "dependencies": {
    "@types/empower": {
      "version": "1.2.30",
      "resolved": "https://registry.npmjs.org/@types/empower/-/empower-1.2.30.tgz",
      "integrity": "sha1-x8/BSzph5Ux0xnTB+8kbot8NE5I="
    },
    "@types/power-assert": {
      "version": "1.5.0",
      "resolved": "https://registry.npmjs.org/@types/power-assert/-/power-assert-1.5.0.tgz",
      "integrity": "sha512-KPoeO2vSMGOOL1g8p/d7mvTTz7SCW7RRcpavqxhFwKZoqsDd1nwPGE9QICIt50b348/9MJYuBdwjUK34Y09XJw==",
      "requires": {
        "@types/empower": "1.2.30",
        "@types/power-assert-formatter": "1.4.28"
      }
    },
    "@types/power-assert-formatter": {
      "version": "1.4.28",
      "resolved": "https://registry.npmjs.org/@types/power-assert-formatter/-/power-assert-formatter-1.4.28.tgz",
      "integrity": "sha1-Jbj922MiJZxrkcNTONObD45SQlI="
    },
    "acorn": {
      "version": "5.7.1",
      "resolved": "https://registry.npmjs.org/acorn/-/acorn-5.7.1.tgz",
      "integrity": "sha512-d+nbxBUGKg7Arpsvbnlq61mc12ek3EY8EQldM3GPAhWJ1UVxC6TDGbIvUMNU6obBX3i1+ptCIzV4vq0gFPEGVQ=="
    },
    "acorn-es7-plugin": {
      "version": "1.1.7",
      "resolved": "https://registry.npmjs.org/acorn-es7-plugin/-/acorn-es7-plugin-1.1.7.tgz",
      "integrity": "sha1-8u4fMiipDurRJF+asZIusucdM2s="
    },
    "array-filter": {
      "version": "1.0.0",
      "resolved": "https://registry.npmjs.org/array-filter/-/array-filter-1.0.0.tgz",
      "integrity": "sha1-uveeYubvTCpMC4MSMtr/7CUfnYM="
    },
    "call-signature": {
      "version": "0.0.2",
      "resolved": "https://registry.npmjs.org/call-signature/-/call-signature-0.0.2.tgz",
      "integrity": "sha1-qEq8glpV70yysCi9dOIFpluaSZY="
    },
    "core-js": {
      "version": "2.5.7",
      "resolved": "https://registry.npmjs.org/core-js/-/core-js-2.5.7.tgz",
      "integrity": "sha512-RszJCAxg/PP6uzXVXL6BsxSXx/B05oJAQ2vkJRjyjrEcNVycaqOmNb5OTxZPE3xa5gwZduqza6L9JOCenh/Ecw=="
    },
    "define-properties": {
      "version": "1.1.2",
      "resolved": "https://registry.npmjs.org/define-properties/-/define-properties-1.1.2.tgz",
      "integrity": "sha1-g6c/L+pWmJj7c3GTyPhzyvbUXJQ=",
      "requires": {
        "foreach": "2.0.5",
        "object-keys": "1.0.12"
      }
    },
    "diff-match-patch": {
      "version": "1.0.1",
      "resolved": "https://registry.npmjs.org/diff-match-patch/-/diff-match-patch-1.0.1.tgz",
      "integrity": "sha512-A0QEhr4PxGUMEtKxd6X+JLnOTFd3BfIPSDpsc4dMvj+CbSaErDwTpoTo/nFJDMSrjxLW4BiNq+FbNisAAHhWeQ=="
    },
    "eastasianwidth": {
      "version": "0.2.0",
      "resolved": "https://registry.npmjs.org/eastasianwidth/-/eastasianwidth-0.2.0.tgz",
      "integrity": "sha512-I88TYZWc9XiYHRQ4/3c5rjjfgkjhLyW2luGIheGERbNQ6OY7yTybanSpDXZa8y7VUP9YmDcYa+eyq4ca7iLqWA=="
    },
    "empower": {
      "version": "1.3.0",
      "resolved": "https://registry.npmjs.org/empower/-/empower-1.3.0.tgz",
      "integrity": "sha512-tP2WqM7QzrPguCCQEQfFFDF+6Pw6YWLQal3+GHQaV+0uIr0S+jyREQPWljE02zFCYPFYLZ3LosiRV+OzTrxPpQ==",
      "requires": {
        "core-js": "2.5.7",
        "empower-core": "1.2.0"
      }
    },
    "empower-core": {
      "version": "1.2.0",
      "resolved": "https://registry.npmjs.org/empower-core/-/empower-core-1.2.0.tgz",
      "integrity": "sha512-g6+K6Geyc1o6FdXs9HwrXleCFan7d66G5xSCfSF7x1mJDCes6t0om9lFQG3zOrzh3Bkb/45N0cZ5Gqsf7YrzGQ==",
      "requires": {
        "call-signature": "0.0.2",
        "core-js": "2.5.7"
      }
    },
    "espurify": {
      "version": "1.8.0",
      "resolved": "https://registry.npmjs.org/espurify/-/espurify-1.8.0.tgz",
      "integrity": "sha512-jdkJG9jswjKCCDmEridNUuIQei9algr+o66ZZ19610ZoBsiWLRsQGNYS4HGez3Z/DsR0lhANGAqiwBUclPuNag==",
      "requires": {
        "core-js": "2.5.7"
      }
    },
    "estraverse": {
      "version": "4.2.0",
      "resolved": "https://registry.npmjs.org/estraverse/-/estraverse-4.2.0.tgz",
      "integrity": "sha1-De4/7TH81GlhjOc0IJn8GvoL2xM="
    },
    "foreach": {
      "version": "2.0.5",
      "resolved": "https://registry.npmjs.org/foreach/-/foreach-2.0.5.tgz",
      "integrity": "sha1-C+4AUBiusmDQo6865ljdATbsG5k="
    },
    "indexof": {
      "version": "0.0.1",
      "resolved": "https://registry.npmjs.org/indexof/-/indexof-0.0.1.tgz",
      "integrity": "sha1-gtwzbSMrkGIXnQWrMpOmYFn9Q10="
    },
    "micro-signals": {
      "version": "2.0.0",
      "resolved": "https://registry.npmjs.org/micro-signals/-/micro-signals-2.0.0.tgz",
      "integrity": "sha1-6jaHaOMPUPHfLcomXr5uqMPJamY="
    },
    "object-keys": {
      "version": "1.0.12",
      "resolved": "https://registry.npmjs.org/object-keys/-/object-keys-1.0.12.tgz",
      "integrity": "sha512-FTMyFUm2wBcGHnH2eXmz7tC6IwlqQZ6mVZ+6dm6vZ4IQIHjs6FdNsQBuKGPuUUUY6NfJw2PshC08Tn6LzLDOag=="
    },
    "power-assert": {
      "version": "1.6.0",
      "resolved": "https://registry.npmjs.org/power-assert/-/power-assert-1.6.0.tgz",
      "integrity": "sha512-nDb6a+p2C7Wj8Y2zmFtLpuv+xobXz4+bzT5s7dr0nn71tLozn7nRMQqzwbefzwZN5qOm0N7Cxhw4kXP75xboKA==",
      "requires": {
        "define-properties": "1.1.2",
        "empower": "1.3.0",
        "power-assert-formatter": "1.4.1",
        "universal-deep-strict-equal": "1.2.2",
        "xtend": "4.0.1"
      }
    },
    "power-assert-context-formatter": {
      "version": "1.2.0",
      "resolved": "https://registry.npmjs.org/power-assert-context-formatter/-/power-assert-context-formatter-1.2.0.tgz",
      "integrity": "sha512-HLNEW8Bin+BFCpk/zbyKwkEu9W8/zThIStxGo7weYcFkKgMuGCHUJhvJeBGXDZf0Qm2xis4pbnnciGZiX0EpSg==",
      "requires": {
        "core-js": "2.5.7",
        "power-assert-context-traversal": "1.2.0"
      }
    },
    "power-assert-context-reducer-ast": {
      "version": "1.2.0",
      "resolved": "https://registry.npmjs.org/power-assert-context-reducer-ast/-/power-assert-context-reducer-ast-1.2.0.tgz",
      "integrity": "sha512-EgOxmZ/Lb7tw4EwSKX7ZnfC0P/qRZFEG28dx/690qvhmOJ6hgThYFm5TUWANDLK5NiNKlPBi5WekVGd2+5wPrw==",
      "requires": {
        "acorn": "5.7.1",
        "acorn-es7-plugin": "1.1.7",
        "core-js": "2.5.7",
        "espurify": "1.8.0",
        "estraverse": "4.2.0"
      }
    },
    "power-assert-context-traversal": {
      "version": "1.2.0",
      "resolved": "https://registry.npmjs.org/power-assert-context-traversal/-/power-assert-context-traversal-1.2.0.tgz",
      "integrity": "sha512-NFoHU6g2umNajiP2l4qb0BRWD773Aw9uWdWYH9EQsVwIZnog5bd2YYLFCVvaxWpwNzWeEfZIon2xtyc63026pQ==",
      "requires": {
        "core-js": "2.5.7",
        "estraverse": "4.2.0"
      }
    },
    "power-assert-formatter": {
      "version": "1.4.1",
      "resolved": "https://registry.npmjs.org/power-assert-formatter/-/power-assert-formatter-1.4.1.tgz",
      "integrity": "sha1-XcEl7VCj37HdomwZNH879Y7CiEo=",
      "requires": {
        "core-js": "2.5.7",
        "power-assert-context-formatter": "1.2.0",
        "power-assert-context-reducer-ast": "1.2.0",
        "power-assert-renderer-assertion": "1.2.0",
        "power-assert-renderer-comparison": "1.2.0",
        "power-assert-renderer-diagram": "1.2.0",
        "power-assert-renderer-file": "1.2.0"
      }
    },
    "power-assert-renderer-assertion": {
      "version": "1.2.0",
      "resolved": "https://registry.npmjs.org/power-assert-renderer-assertion/-/power-assert-renderer-assertion-1.2.0.tgz",
      "integrity": "sha512-3F7Q1ZLmV2ZCQv7aV7NJLNK9G7QsostrhOU7U0RhEQS/0vhEqrRg2jEJl1jtUL4ZyL2dXUlaaqrmPv5r9kRvIg==",
      "requires": {
        "power-assert-renderer-base": "1.1.1",
        "power-assert-util-string-width": "1.2.0"
      }
    },
    "power-assert-renderer-base": {
      "version": "1.1.1",
      "resolved": "https://registry.npmjs.org/power-assert-renderer-base/-/power-assert-renderer-base-1.1.1.tgz",
      "integrity": "sha1-lqZQxv0F7hvB9mtUrWFELIs/Y+s="
    },
    "power-assert-renderer-comparison": {
      "version": "1.2.0",
      "resolved": "https://registry.npmjs.org/power-assert-renderer-comparison/-/power-assert-renderer-comparison-1.2.0.tgz",
      "integrity": "sha512-7c3RKPDBKK4E3JqdPtYRE9cM8AyX4LC4yfTvvTYyx8zSqmT5kJnXwzR0yWQLOavACllZfwrAGQzFiXPc5sWa+g==",
      "requires": {
        "core-js": "2.5.7",
        "diff-match-patch": "1.0.1",
        "power-assert-renderer-base": "1.1.1",
        "stringifier": "1.3.0",
        "type-name": "2.0.2"
      }
    },
    "power-assert-renderer-diagram": {
      "version": "1.2.0",
      "resolved": "https://registry.npmjs.org/power-assert-renderer-diagram/-/power-assert-renderer-diagram-1.2.0.tgz",
      "integrity": "sha512-JZ6PC+DJPQqfU6dwSmpcoD7gNnb/5U77bU5KgNwPPa+i1Pxiz6UuDeM3EUBlhZ1HvH9tMjI60anqVyi5l2oNdg==",
      "requires": {
        "core-js": "2.5.7",
        "power-assert-renderer-base": "1.1.1",
        "power-assert-util-string-width": "1.2.0",
        "stringifier": "1.3.0"
      }
    },
    "power-assert-renderer-file": {
      "version": "1.2.0",
      "resolved": "https://registry.npmjs.org/power-assert-renderer-file/-/power-assert-renderer-file-1.2.0.tgz",
      "integrity": "sha512-/oaVrRbeOtGoyyd7e4IdLP/jIIUFJdqJtsYzP9/88R39CMnfF/S/rUc8ZQalENfUfQ/wQHu+XZYRMaCEZmEesg==",
      "requires": {
        "power-assert-renderer-base": "1.1.1"
      }
    },
    "power-assert-util-string-width": {
      "version": "1.2.0",
      "resolved": "https://registry.npmjs.org/power-assert-util-string-width/-/power-assert-util-string-width-1.2.0.tgz",
      "integrity": "sha512-lX90G0igAW0iyORTILZ/QjZWsa1MZ6VVY3L0K86e2eKun3S4LKPH4xZIl8fdeMYLfOjkaszbNSzf1uugLeAm2A==",
      "requires": {
        "eastasianwidth": "0.2.0"
      }
    },
    "stringifier": {
      "version": "1.3.0",
      "resolved": "https://registry.npmjs.org/stringifier/-/stringifier-1.3.0.tgz",
      "integrity": "sha1-3vGDQvaTPbDy2/yaoCF1tEjBeVk=",
      "requires": {
        "core-js": "2.5.7",
        "traverse": "0.6.6",
        "type-name": "2.0.2"
      }
    },
    "traverse": {
      "version": "0.6.6",
      "resolved": "https://registry.npmjs.org/traverse/-/traverse-0.6.6.tgz",
      "integrity": "sha1-y99WD9e5r2MlAv7UD5GMFX6pcTc="
    },
    "type-name": {
      "version": "2.0.2",
      "resolved": "https://registry.npmjs.org/type-name/-/type-name-2.0.2.tgz",
      "integrity": "sha1-7+fUEj2KxSr/9/QMfk3sUmYAj7Q="
    },
    "universal-deep-strict-equal": {
      "version": "1.2.2",
      "resolved": "https://registry.npmjs.org/universal-deep-strict-equal/-/universal-deep-strict-equal-1.2.2.tgz",
      "integrity": "sha1-DaSsL3PP95JMgfpN4BjKViyisKc=",
      "requires": {
        "array-filter": "1.0.0",
        "indexof": "0.0.1",
        "object-keys": "1.0.12"
      }
    },
    "xtend": {
      "version": "4.0.1",
      "resolved": "https://registry.npmjs.org/xtend/-/xtend-4.0.1.tgz",
      "integrity": "sha1-pcbVMr5lbiPbgg77lDofBJmNY68="
    }
  }
}
